
Microsoft Visual Studio Solution File, Format Version 12.00
# Visual Studio 15
VisualStudioVersion = 15.0.28307.1082
MinimumVisualStudioVersion = 10.0.40219.1
Project("{FAE04EC0-301F-11D3-BF4B-00C04F79EFBC}") = "ZMuse", "ZMuse.csproj", "{636BD84D-FC3A-462F-A1FA-590900F341DB}"
EndProject
Global
	GlobalSection(SolutionConfigurationPlatforms) = preSolution
		Debug|Any CPU = Debug|Any CPU
		Release|Any CPU = Release|Any CPU
	EndGlobalSection
	GlobalSection(ProjectConfigurationPlatforms) = postSolution
		{636BD84D-FC3A-462F-A1FA-590900F341DB}.Debug|Any CPU.ActiveCfg = Debug|Any CPU
		{636BD84D-FC3A-462F-A1FA-590900F341DB}.Debug|Any CPU.Build.0 = Debug|Any CPU
		{636BD84D-FC3A-462F-A1FA-590900F341DB}.Release|Any CPU.ActiveCfg = Release|Any CPU
		{636BD84D-FC3A-462F-A1FA-590900F341DB}.Release|Any CPU.Build.0 = Release|Any CPU
	EndGlobalSection
	GlobalSection(SolutionProperties) = preSolution
		HideSolutionNode = FALSE
	EndGlobalSection
	GlobalSection(ExtensibilityGlobals) = postSolution
		SolutionGuid = {16D542D0-8CEE-4C38-A77B-B0F4AC15D366}
	EndGlobalSection
EndGlobal
